
Microsoft Visual Studio Solution File, Format Version 12.00
# Visual Studio Version 16
VisualStudioVersion = 16.0.29326.143
MinimumVisualStudioVersion = 10.0.40219.1
Project("{FAE04EC0-301F-11D3-BF4B-00C04F79EFBC}") = "chuni-oss", "chuni-oss\chuni-oss.csproj", "{248B7994-7837-46C3-B3C9-EE2C71C37CEF}"
EndProject
Global
	GlobalSection(SolutionConfigurationPlatforms) = preSolution
		Debug|Any CPU = Debug|Any CPU
		Release|Any CPU = Release|Any CPU
	EndGlobalSection
	GlobalSection(ProjectConfigurationPlatforms) = postSolution
		{248B7994-7837-46C3-B3C9-EE2C71C37CEF}.Debug|Any CPU.ActiveCfg = Debug|Any CPU
		{248B7994-7837-46C3-B3C9-EE2C71C37CEF}.Debug|Any CPU.Build.0 = Debug|Any CPU
		{248B7994-7837-46C3-B3C9-EE2C71C37CEF}.Release|Any CPU.ActiveCfg = Release|Any CPU
		{248B7994-7837-46C3-B3C9-EE2C71C37CEF}.Release|Any CPU.Build.0 = Release|Any CPU
	EndGlobalSection
	GlobalSection(SolutionProperties) = preSolution
		HideSolutionNode = FALSE
	EndGlobalSection
	GlobalSection(ExtensibilityGlobals) = postSolution
		SolutionGuid = {2DAEB7E8-9C19-4384-9CEB-393C3843D52E}
	EndGlobalSection
EndGlobal
